// !$*UTF8*$!
{
	archiveVersion = 1;
	classes = {
	};
	objectVersion = 56;
	objects = {

/* Begin PBXBuildFile section */
		2E38E36F2AC57DEB00495790 /* AppDelegate.swift in Sources */ = {isa = PBXBuildFile; fileRef = 2E38E36E2AC57DEB00495790 /* AppDelegate.swift */; };
		2E38E3712AC57DEB00495790 /* SceneDelegate.swift in Sources */ = {isa = PBXBuildFile; fileRef = 2E38E3702AC57DEB00495790 /* SceneDelegate.swift */; };
		2E38E3732AC57DEB00495790 /* ViewController.swift in Sources */ = {isa = PBXBuildFile; fileRef = 2E38E3722AC57DEB00495790 /* ViewController.swift */; };
		2E38E3762AC57DEB00495790 /* Main.storyboard in Resources */ = {isa = PBXBuildFile; fileRef = 2E38E3742AC57DEB00495790 /* Main.storyboard */; };
		2E38E3792AC57DEB00495790 /* ImageRecognizer.xcdatamodeld in Sources */ = {isa = PBXBuildFile; fileRef = 2E38E3772AC57DEB00495790 /* ImageRecognizer.xcdatamodeld */; };
		2E38E37B2AC57DEC00495790 /* Assets.xcassets in Resources */ = {isa = PBXBuildFile; fileRef = 2E38E37A2AC57DEC00495790 /* Assets.xcassets */; };
		2E38E37E2AC57DEC00495790 /* LaunchScreen.storyboard in Resources */ = {isa = PBXBuildFile; fileRef = 2E38E37C2AC57DEC00495790 /* LaunchScreen.storyboard */; };
		2E38E3892AC57DEC00495790 /* ImageRecognizerTests.swift in Sources */ = {isa = PBXBuildFile; fileRef = 2E38E3882AC57DEC00495790 /* ImageRecognizerTests.swift */; };
		2E38E3932AC57DEC00495790 /* ImageRecognizerUITests.swift in Sources */ = {isa = PBXBuildFile; fileRef = 2E38E3922AC57DEC00495790 /* ImageRecognizerUITests.swift */; };
		2E38E3952AC57DEC00495790 /* ImageRecognizerUITestsLaunchTests.swift in Sources */ = {isa = PBXBuildFile; fileRef = 2E38E3942AC57DEC00495790 /* ImageRecognizerUITestsLaunchTests.swift */; };
		2E38E3AD2AC5836400495790 /* PreviewsCollectionViewCell.swift in Sources */ = {isa = PBXBuildFile; fileRef = 2E38E3AB2AC5836400495790 /* PreviewsCollectionViewCell.swift */; };
		2E38E3AE2AC5836400495790 /* PreviewsCollectionViewCell.xib in Resources */ = {isa = PBXBuildFile; fileRef = 2E38E3AC2AC5836400495790 /* PreviewsCollectionViewCell.xib */; };
		2E38E3B12AC5865800495790 /* PhotoService.swift in Sources */ = {isa = PBXBuildFile; fileRef = 2E38E3B02AC5865800495790 /* PhotoService.swift */; };
		2E6540022AC5D6E6002E673E /* ViewController+Presentor.swift in Sources */ = {isa = PBXBuildFile; fileRef = 2E6540012AC5D6E6002E673E /* ViewController+Presentor.swift */; };
		2E6540042AC5E11B002E673E /* VisionServices.swift in Sources */ = {isa = PBXBuildFile; fileRef = 2E6540032AC5E11B002E673E /* VisionServices.swift */; };
		2E6540072AC5EB4E002E673E /* BottomBarViewsTableViewCell.swift in Sources */ = {isa = PBXBuildFile; fileRef = 2E6540052AC5EB4E002E673E /* BottomBarViewsTableViewCell.swift */; };
		2E6540082AC5EB4E002E673E /* BottomBarViewsTableViewCell.xib in Resources */ = {isa = PBXBuildFile; fileRef = 2E6540062AC5EB4E002E673E /* BottomBarViewsTableViewCell.xib */; };
/* End PBXBuildFile section */

/* Begin PBXContainerItemProxy section */
		2E38E3852AC57DEC00495790 /* PBXContainerItemProxy */ = {
			isa = PBXContainerItemProxy;
			containerPortal = 2E38E3632AC57DEB00495790 /* Project object */;
			proxyType = 1;
			remoteGlobalIDString = 2E38E36A2AC57DEB00495790;
			remoteInfo = ImageRecognizer;
		};
		2E38E38F2AC57DEC00495790 /* PBXContainerItemProxy */ = {
			isa = PBXContainerItemProxy;
			containerPortal = 2E38E3632AC57DEB00495790 /* Project object */;
			proxyType = 1;
			remoteGlobalIDString = 2E38E36A2AC57DEB00495790;
			remoteInfo = ImageRecognizer;
		};
/* End PBXContainerItemProxy section */

/* Begin PBXFileReference section */
		2E38E36B2AC57DEB00495790 /* ImageRecognizer.app */ = {isa = PBXFileReference; explicitFileType = wrapper.application; includeInIndex = 0; path = ImageRecognizer.app; sourceTree = BUILT_PRODUCTS_DIR; };
		2E38E36E2AC57DEB00495790 /* AppDelegate.swift */ = {isa = PBXFileReference; lastKnownFileType = sourcecode.swift; path = AppDelegate.swift; sourceTree = "<group>"; };
		2E38E3702AC57DEB00495790 /* SceneDelegate.swift */ = {isa = PBXFileReference; lastKnownFileType = sourcecode.swift; path = SceneDelegate.swift; sourceTree = "<group>"; };
		2E38E3722AC57DEB00495790 /* ViewController.swift */ = {isa = PBXFileReference; lastKnownFileType = sourcecode.swift; path = ViewController.swift; sourceTree = "<group>"; };
		2E38E3752AC57DEB00495790 /* Base */ = {isa = PBXFileReference; lastKnownFileType = file.storyboard; name = Base; path = Base.lproj/Main.storyboard; sourceTree = "<group>"; };
		2E38E3782AC57DEB00495790 /* ImageRecognizer.xcdatamodel */ = {isa = PBXFileReference; lastKnownFileType = wrapper.xcdatamodel; path = ImageRecognizer.xcdatamodel; sourceTree = "<group>"; };
		2E38E37A2AC57DEC00495790 /* Assets.xcassets */ = {isa = PBXFileReference; lastKnownFileType = folder.assetcatalog; path = Assets.xcassets; sourceTree = "<group>"; };
		2E38E37D2AC57DEC00495790 /* Base */ = {isa = PBXFileReference; lastKnownFileType = file.storyboard; name = Base; path = Base.lproj/LaunchScreen.storyboard; sourceTree = "<group>"; };
		2E38E37F2AC57DEC00495790 /* Info.plist */ = {isa = PBXFileReference; lastKnownFileType = text.plist.xml; path = Info.plist; sourceTree = "<group>"; };
		2E38E3842AC57DEC00495790 /* ImageRecognizerTests.xctest */ = {isa = PBXFileReference; explicitFileType = wrapper.cfbundle; includeInIndex = 0; path = ImageRecognizerTests.xctest; sourceTree = BUILT_PRODUCTS_DIR; };
		2E38E3882AC57DEC00495790 /* ImageRecognizerTests.swift */ = {isa = PBXFileReference; lastKnownFileType = sourcecode.swift; path = ImageRecognizerTests.swift; sourceTree = "<group>"; };
		2E38E38E2AC57DEC00495790 /* ImageRecognizerUITests.xctest */ = {isa = PBXFileReference; explicitFileType = wrapper.cfbundle; includeInIndex = 0; path = ImageRecognizerUITests.xctest; sourceTree = BUILT_PRODUCTS_DIR; };
		2E38E3922AC57DEC00495790 /* ImageRecognizerUITests.swift */ = {isa = PBXFileReference; lastKnownFileType = sourcecode.swift; path = ImageRecognizerUITests.swift; sourceTree = "<group>"; };
		2E38E3942AC57DEC00495790 /* ImageRecognizerUITestsLaunchTests.swift */ = {isa = PBXFileReference; lastKnownFileType = sourcecode.swift; path = ImageRecognizerUITestsLaunchTests.swift; sourceTree = "<group>"; };
		2E38E3AB2AC5836400495790 /* PreviewsCollectionViewCell.swift */ = {isa = PBXFileReference; lastKnownFileType = sourcecode.swift; path = PreviewsCollectionViewCell.swift; sourceTree = "<group>"; };
		2E38E3AC2AC5836400495790 /* PreviewsCollectionViewCell.xib */ = {isa = PBXFileReference; lastKnownFileType = file.xib; path = PreviewsCollectionViewCell.xib; sourceTree = "<group>"; };
		2E38E3B02AC5865800495790 /* PhotoService.swift */ = {isa = PBXFileReference; lastKnownFileType = sourcecode.swift; path = PhotoService.swift; sourceTree = "<group>"; };
		2E6540012AC5D6E6002E673E /* ViewController+Presentor.swift */ = {isa = PBXFileReference; lastKnownFileType = sourcecode.swift; path = "ViewController+Presentor.swift"; sourceTree = "<group>"; };
		2E6540032AC5E11B002E673E /* VisionServices.swift */ = {isa = PBXFileReference; lastKnownFileType = sourcecode.swift; path = VisionServices.swift; sourceTree = "<group>"; };
		2E6540052AC5EB4E002E673E /* BottomBarViewsTableViewCell.swift */ = {isa = PBXFileReference; lastKnownFileType = sourcecode.swift; path = BottomBarViewsTableViewCell.swift; sourceTree = "<group>"; };
		2E6540062AC5EB4E002E673E /* BottomBarViewsTableViewCell.xib */ = {isa = PBXFileReference; lastKnownFileType = file.xib; path = BottomBarViewsTableViewCell.xib; sourceTree = "<group>"; };
/* End PBXFileReference section */

/* Begin PBXFrameworksBuildPhase section */
		2E38E3682AC57DEB00495790 /* Frameworks */ = {
			isa = PBXFrameworksBuildPhase;
			buildActionMask = 2147483647;
			files = (
			);
			runOnlyForDeploymentPostprocessing = 0;
		};
		2E38E3812AC57DEC00495790 /* Frameworks */ = {
			isa = PBXFrameworksBuildPhase;
			buildActionMask = 2147483647;
			files = (
			);
			runOnlyForDeploymentPostprocessing = 0;
		};
		2E38E38B2AC57DEC00495790 /* Frameworks */ = {
			isa = PBXFrameworksBuildPhase;
			buildActionMask = 2147483647;
			files = (
			);
			runOnlyForDeploymentPostprocessing = 0;
		};
/* End PBXFrameworksBuildPhase section */

/* Begin PBXGroup section */
		2E38E3622AC57DEB00495790 = {
			isa = PBXGroup;
			children = (
				2E38E36D2AC57DEB00495790 /* ImageRecognizer */,
				2E38E3872AC57DEC00495790 /* ImageRecognizerTests */,
				2E38E3912AC57DEC00495790 /* ImageRecognizerUITests */,
				2E38E36C2AC57DEB00495790 /* Products */,
			);
			sourceTree = "<group>";
		};
		2E38E36C2AC57DEB00495790 /* Products */ = {
			isa = PBXGroup;
			children = (
				2E38E36B2AC57DEB00495790 /* ImageRecognizer.app */,
				2E38E3842AC57DEC00495790 /* ImageRecognizerTests.xctest */,
				2E38E38E2AC57DEC00495790 /* ImageRecognizerUITests.xctest */,
			);
			name = Products;
			sourceTree = "<group>";
		};
		2E38E36D2AC57DEB00495790 /* ImageRecognizer */ = {
			isa = PBXGroup;
			children = (
				2E38E3AA2AC5832000495790 /* Application Life Cycle */,
				2E38E3A72AC582E800495790 /* Controller */,
				2E38E3A32AC582AE00495790 /* Views */,
				2E38E3A12AC582A000495790 /* Model */,
				2E38E3A92AC582FE00495790 /* Helpers */,
				2E38E37A2AC57DEC00495790 /* Assets.xcassets */,
				2E38E37F2AC57DEC00495790 /* Info.plist */,
				2E38E3772AC57DEB00495790 /* ImageRecognizer.xcdatamodeld */,
			);
			path = ImageRecognizer;
			sourceTree = "<group>";
		};
		2E38E3872AC57DEC00495790 /* ImageRecognizerTests */ = {
			isa = PBXGroup;
			children = (
				2E38E3882AC57DEC00495790 /* ImageRecognizerTests.swift */,
			);
			path = ImageRecognizerTests;
			sourceTree = "<group>";
		};
		2E38E3912AC57DEC00495790 /* ImageRecognizerUITests */ = {
			isa = PBXGroup;
			children = (
				2E38E3922AC57DEC00495790 /* ImageRecognizerUITests.swift */,
				2E38E3942AC57DEC00495790 /* ImageRecognizerUITestsLaunchTests.swift */,
			);
			path = ImageRecognizerUITests;
			sourceTree = "<group>";
		};
		2E38E3A12AC582A000495790 /* Model */ = {
			isa = PBXGroup;
			children = (
			);
			path = Model;
			sourceTree = "<group>";
		};
		2E38E3A32AC582AE00495790 /* Views */ = {
			isa = PBXGroup;
			children = (
				2E38E3A52AC582CF00495790 /* XIBS */,
				2E38E3A42AC582B400495790 /* Stroryboards */,
			);
			path = Views;
			sourceTree = "<group>";
		};
		2E38E3A42AC582B400495790 /* Stroryboards */ = {
			isa = PBXGroup;
			children = (
				2E38E37C2AC57DEC00495790 /* LaunchScreen.storyboard */,
				2E38E3742AC57DEB00495790 /* Main.storyboard */,
			);
			path = Stroryboards;
			sourceTree = "<group>";
		};
		2E38E3A52AC582CF00495790 /* XIBS */ = {
			isa = PBXGroup;
			children = (
				2E38E3AB2AC5836400495790 /* PreviewsCollectionViewCell.swift */,
				2E38E3AC2AC5836400495790 /* PreviewsCollectionViewCell.xib */,
				2E6540052AC5EB4E002E673E /* BottomBarViewsTableViewCell.swift */,
				2E6540062AC5EB4E002E673E /* BottomBarViewsTableViewCell.xib */,
			);
			path = XIBS;
			sourceTree = "<group>";
		};
		2E38E3A72AC582E800495790 /* Controller */ = {
			isa = PBXGroup;
			children = (
				2E38E3722AC57DEB00495790 /* ViewController.swift */,
				2E6540012AC5D6E6002E673E /* ViewController+Presentor.swift */,
			);
			path = Controller;
			sourceTree = "<group>";
		};
		2E38E3A92AC582FE00495790 /* Helpers */ = {
			isa = PBXGroup;
			children = (
				2E38E3AF2AC5863300495790 /* Service */,
			);
			path = Helpers;
			sourceTree = "<group>";
		};
		2E38E3AA2AC5832000495790 /* Application Life Cycle */ = {
			isa = PBXGroup;
			children = (
				2E38E36E2AC57DEB00495790 /* AppDelegate.swift */,
				2E38E3702AC57DEB00495790 /* SceneDelegate.swift */,
			);
			path = "Application Life Cycle";
			sourceTree = "<group>";
		};
		2E38E3AF2AC5863300495790 /* Service */ = {
			isa = PBXGroup;
			children = (
				2E38E3B02AC5865800495790 /* PhotoService.swift */,
				2E6540032AC5E11B002E673E /* VisionServices.swift */,
			);
			path = Service;
			sourceTree = "<group>";
		};
/* End PBXGroup section */

/* Begin PBXNativeTarget section */
		2E38E36A2AC57DEB00495790 /* ImageRecognizer */ = {
			isa = PBXNativeTarget;
			buildConfigurationList = 2E38E3982AC57DEC00495790 /* Build configuration list for PBXNativeTarget "ImageRecognizer" */;
			buildPhases = (
				2E38E3672AC57DEB00495790 /* Sources */,
				2E38E3682AC57DEB00495790 /* Frameworks */,
				2E38E3692AC57DEB00495790 /* Resources */,
			);
			buildRules = (
			);
			dependencies = (
			);
			name = ImageRecognizer;
			productName = ImageRecognizer;
			productReference = 2E38E36B2AC57DEB00495790 /* ImageRecognizer.app */;
			productType = "com.apple.product-type.application";
		};
		2E38E3832AC57DEC00495790 /* ImageRecognizerTests */ = {
			isa = PBXNativeTarget;
			buildConfigurationList = 2E38E39B2AC57DEC00495790 /* Build configuration list for PBXNativeTarget "ImageRecognizerTests" */;
			buildPhases = (
				2E38E3802AC57DEC00495790 /* Sources */,
				2E38E3812AC57DEC00495790 /* Frameworks */,
				2E38E3822AC57DEC00495790 /* Resources */,
			);
			buildRules = (
			);
			dependencies = (
				2E38E3862AC57DEC00495790 /* PBXTargetDependency */,
			);
			name = ImageRecognizerTests;
			productName = ImageRecognizerTests;
			productReference = 2E38E3842AC57DEC00495790 /* ImageRecognizerTests.xctest */;
			productType = "com.apple.product-type.bundle.unit-test";
		};
		2E38E38D2AC57DEC00495790 /* ImageRecognizerUITests */ = {
			isa = PBXNativeTarget;
			buildConfigurationList = 2E38E39E2AC57DEC00495790 /* Build configuration list for PBXNativeTarget "ImageRecognizerUITests" */;
			buildPhases = (
				2E38E38A2AC57DEC00495790 /* Sources */,
				2E38E38B2AC57DEC00495790 /* Frameworks */,
				2E38E38C2AC57DEC00495790 /* Resources */,
			);
			buildRules = (
			);
			dependencies = (
				2E38E3902AC57DEC00495790 /* PBXTargetDependency */,
			);
			name = ImageRecognizerUITests;
			productName = ImageRecognizerUITests;
			productReference = 2E38E38E2AC57DEC00495790 /* ImageRecognizerUITests.xctest */;
			productType = "com.apple.product-type.bundle.ui-testing";
		};
/* End PBXNativeTarget section */

/* Begin PBXProject section */
		2E38E3632AC57DEB00495790 /* Project object */ = {
			isa = PBXProject;
			attributes = {
				BuildIndependentTargetsInParallel = 1;
				LastSwiftUpdateCheck = 1410;
				LastUpgradeCheck = 1410;
				TargetAttributes = {
					2E38E36A2AC57DEB00495790 = {
						CreatedOnToolsVersion = 14.1;
					};
					2E38E3832AC57DEC00495790 = {
						CreatedOnToolsVersion = 14.1;
						TestTargetID = 2E38E36A2AC57DEB00495790;
					};
					2E38E38D2AC57DEC00495790 = {
						CreatedOnToolsVersion = 14.1;
						TestTargetID = 2E38E36A2AC57DEB00495790;
					};
				};
			};
			buildConfigurationList = 2E38E3662AC57DEB00495790 /* Build configuration list for PBXProject "ImageRecognizer" */;
			compatibilityVersion = "Xcode 14.0";
			developmentRegion = en;
			hasScannedForEncodings = 0;
			knownRegions = (
				en,
				Base,
			);
			mainGroup = 2E38E3622AC57DEB00495790;
			productRefGroup = 2E38E36C2AC57DEB00495790 /* Products */;
			projectDirPath = "";
			projectRoot = "";
			targets = (
				2E38E36A2AC57DEB00495790 /* ImageRecognizer */,
				2E38E3832AC57DEC00495790 /* ImageRecognizerTests */,
				2E38E38D2AC57DEC00495790 /* ImageRecognizerUITests */,
			);
		};
/* End PBXProject section */

/* Begin PBXResourcesBuildPhase section */
		2E38E3692AC57DEB00495790 /* Resources */ = {
			isa = PBXResourcesBuildPhase;
			buildActionMask = 2147483647;
			files = (
				2E38E37E2AC57DEC00495790 /* LaunchScreen.storyboard in Resources */,
				2E38E37B2AC57DEC00495790 /* Assets.xcassets in Resources */,
				2E6540082AC5EB4E002E673E /* BottomBarViewsTableViewCell.xib in Resources */,
				2E38E3762AC57DEB00495790 /* Main.storyboard in Resources */,
				2E38E3AE2AC5836400495790 /* PreviewsCollectionViewCell.xib in Resources */,
			);
			runOnlyForDeploymentPostprocessing = 0;
		};
		2E38E3822AC57DEC00495790 /* Resources */ = {
			isa = PBXResourcesBuildPhase;
			buildActionMask = 2147483647;
			files = (
			);
			runOnlyForDeploymentPostprocessing = 0;
		};
		2E38E38C2AC57DEC00495790 /* Resources */ = {
			isa = PBXResourcesBuildPhase;
			buildActionMask = 2147483647;
			files = (
			);
			runOnlyForDeploymentPostprocessing = 0;
		};
/* End PBXResourcesBuildPhase section */

/* Begin PBXSourcesBuildPhase section */
		2E38E3672AC57DEB00495790 /* Sources */ = {
			isa = PBXSourcesBuildPhase;
			buildActionMask = 2147483647;
			files = (
				2E38E3732AC57DEB00495790 /* ViewController.swift in Sources */,
				2E6540022AC5D6E6002E673E /* ViewController+Presentor.swift in Sources */,
				2E38E3AD2AC5836400495790 /* PreviewsCollectionViewCell.swift in Sources */,
				2E6540042AC5E11B002E673E /* VisionServices.swift in Sources */,
				2E6540072AC5EB4E002E673E /* BottomBarViewsTableViewCell.swift in Sources */,
				2E38E3B12AC5865800495790 /* PhotoService.swift in Sources */,
				2E38E36F2AC57DEB00495790 /* AppDelegate.swift in Sources */,
				2E38E3712AC57DEB00495790 /* SceneDelegate.swift in Sources */,
				2E38E3792AC57DEB00495790 /* ImageRecognizer.xcdatamodeld in Sources */,
			);
			runOnlyForDeploymentPostprocessing = 0;
		};
		2E38E3802AC57DEC00495790 /* Sources */ = {
			isa = PBXSourcesBuildPhase;
			buildActionMask = 2147483647;
			files = (
				2E38E3892AC57DEC00495790 /* ImageRecognizerTests.swift in Sources */,
			);
			runOnlyForDeploymentPostprocessing = 0;
		};
		2E38E38A2AC57DEC00495790 /* Sources */ = {
			isa = PBXSourcesBuildPhase;
			buildActionMask = 2147483647;
			files = (
				2E38E3952AC57DEC00495790 /* ImageRecognizerUITestsLaunchTests.swift in Sources */,
				2E38E3932AC57DEC00495790 /* ImageRecognizerUITests.swift in Sources */,
			);
			runOnlyForDeploymentPostprocessing = 0;
		};
/* End PBXSourcesBuildPhase section */

/* Begin PBXTargetDependency section */
		2E38E3862AC57DEC00495790 /* PBXTargetDependency */ = {
			isa = PBXTargetDependency;
			target = 2E38E36A2AC57DEB00495790 /* ImageRecognizer */;
			targetProxy = 2E38E3852AC57DEC00495790 /* PBXContainerItemProxy */;
		};
		2E38E3902AC57DEC00495790 /* PBXTargetDependency */ = {
			isa = PBXTargetDependency;
			target = 2E38E36A2AC57DEB00495790 /* ImageRecognizer */;
			targetProxy = 2E38E38F2AC57DEC00495790 /* PBXContainerItemProxy */;
		};
/* End PBXTargetDependency section */

/* Begin PBXVariantGroup section */
		2E38E3742AC57DEB00495790 /* Main.storyboard */ = {
			isa = PBXVariantGroup;
			children = (
				2E38E3752AC57DEB00495790 /* Base */,
			);
			name = Main.storyboard;
			sourceTree = "<group>";
		};
		2E38E37C2AC57DEC00495790 /* LaunchScreen.storyboard */ = {
			isa = PBXVariantGroup;
			children = (
				2E38E37D2AC57DEC00495790 /* Base */,
			);
			name = LaunchScreen.storyboard;
			sourceTree = "<group>";
		};
/* End PBXVariantGroup section */

/* Begin XCBuildConfiguration section */
		2E38E3962AC57DEC00495790 /* Debug */ = {
			isa = XCBuildConfiguration;
			buildSettings = {
				ALWAYS_SEARCH_USER_PATHS = NO;
				CLANG_ANALYZER_NONNULL = YES;
				CLANG_ANALYZER_NUMBER_OBJECT_CONVERSION = YES_AGGRESSIVE;
				CLANG_CXX_LANGUAGE_STANDARD = "gnu++20";
				CLANG_ENABLE_MODULES = YES;
				CLANG_ENABLE_OBJC_ARC = YES;
				CLANG_ENABLE_OBJC_WEAK = YES;
				CLANG_WARN_BLOCK_CAPTURE_AUTORELEASING = YES;
				CLANG_WARN_BOOL_CONVERSION = YES;
				CLANG_WARN_COMMA = YES;
				CLANG_WARN_CONSTANT_CONVERSION = YES;
				CLANG_WARN_DEPRECATED_OBJC_IMPLEMENTATIONS = YES;
				CLANG_WARN_DIRECT_OBJC_ISA_USAGE = YES_ERROR;
				CLANG_WARN_DOCUMENTATION_COMMENTS = YES;
				CLANG_WARN_EMPTY_BODY = YES;
				CLANG_WARN_ENUM_CONVERSION = YES;
				CLANG_WARN_INFINITE_RECURSION = YES;
				CLANG_WARN_INT_CONVERSION = YES;
				CLANG_WARN_NON_LITERAL_NULL_CONVERSION = YES;
				CLANG_WARN_OBJC_IMPLICIT_RETAIN_SELF = YES;
				CLANG_WARN_OBJC_LITERAL_CONVERSION = YES;
				CLANG_WARN_OBJC_ROOT_CLASS = YES_ERROR;
				CLANG_WARN_QUOTED_INCLUDE_IN_FRAMEWORK_HEADER = YES;
				CLANG_WARN_RANGE_LOOP_ANALYSIS = YES;
				CLANG_WARN_STRICT_PROTOTYPES = YES;
				CLANG_WARN_SUSPICIOUS_MOVE = YES;
				CLANG_WARN_UNGUARDED_AVAILABILITY = YES_AGGRESSIVE;
				CLANG_WARN_UNREACHABLE_CODE = YES;
				CLANG_WARN__DUPLICATE_METHOD_MATCH = YES;
				COPY_PHASE_STRIP = NO;
				DEBUG_INFORMATION_FORMAT = dwarf;
				ENABLE_STRICT_OBJC_MSGSEND = YES;
				ENABLE_TESTABILITY = YES;
				GCC_C_LANGUAGE_STANDARD = gnu11;
				GCC_DYNAMIC_NO_PIC = NO;
				GCC_NO_COMMON_BLOCKS = YES;
				GCC_OPTIMIZATION_LEVEL = 0;
				GCC_PREPROCESSOR_DEFINITIONS = (
					"DEBUG=1",
					"$(inherited)",
				);
				GCC_WARN_64_TO_32_BIT_CONVERSION = YES;
				GCC_WARN_ABOUT_RETURN_TYPE = YES_ERROR;
				GCC_WARN_UNDECLARED_SELECTOR = YES;
				GCC_WARN_UNINITIALIZED_AUTOS = YES_AGGRESSIVE;
				GCC_WARN_UNUSED_FUNCTION = YES;
				GCC_WARN_UNUSED_VARIABLE = YES;
				IPHONEOS_DEPLOYMENT_TARGET = 16.1;
				MTL_ENABLE_DEBUG_INFO = INCLUDE_SOURCE;
				MTL_FAST_MATH = YES;
				ONLY_ACTIVE_ARCH = YES;
				SDKROOT = iphoneos;
				SWIFT_ACTIVE_COMPILATION_CONDITIONS = DEBUG;
				SWIFT_OPTIMIZATION_LEVEL = "-Onone";
			};
			name = Debug;
		};
		2E38E3972AC57DEC00495790 /* Release */ = {
			isa = XCBuildConfiguration;
			buildSettings = {
				ALWAYS_SEARCH_USER_PATHS = NO;
				CLANG_ANALYZER_NONNULL = YES;
				CLANG_ANALYZER_NUMBER_OBJECT_CONVERSION = YES_AGGRESSIVE;
				CLANG_CXX_LANGUAGE_STANDARD = "gnu++20";
				CLANG_ENABLE_MODULES = YES;
				CLANG_ENABLE_OBJC_ARC = YES;
				CLANG_ENABLE_OBJC_WEAK = YES;
				CLANG_WARN_BLOCK_CAPTURE_AUTORELEASING = YES;
				CLANG_WARN_BOOL_CONVERSION = YES;
				CLANG_WARN_COMMA = YES;
				CLANG_WARN_CONSTANT_CONVERSION = YES;
				CLANG_WARN_DEPRECATED_OBJC_IMPLEMENTATIONS = YES;
				CLANG_WARN_DIRECT_OBJC_ISA_USAGE = YES_ERROR;
				CLANG_WARN_DOCUMENTATION_COMMENTS = YES;
				CLANG_WARN_EMPTY_BODY = YES;
				CLANG_WARN_ENUM_CONVERSION = YES;
				CLANG_WARN_INFINITE_RECURSION = YES;
				CLANG_WARN_INT_CONVERSION = YES;
				CLANG_WARN_NON_LITERAL_NULL_CONVERSION = YES;
				CLANG_WARN_OBJC_IMPLICIT_RETAIN_SELF = YES;
				CLANG_WARN_OBJC_LITERAL_CONVERSION = YES;
				CLANG_WARN_OBJC_ROOT_CLASS = YES_ERROR;
				CLANG_WARN_QUOTED_INCLUDE_IN_FRAMEWORK_HEADER = YES;
				CLANG_WARN_RANGE_LOOP_ANALYSIS = YES;
				CLANG_WARN_STRICT_PROTOTYPES = YES;
				CLANG_WARN_SUSPICIOUS_MOVE = YES;
				CLANG_WARN_UNGUARDED_AVAILABILITY = YES_AGGRESSIVE;
				CLANG_WARN_UNREACHABLE_CODE = YES;
				CLANG_WARN__DUPLICATE_METHOD_MATCH = YES;
				COPY_PHASE_STRIP = NO;
				DEBUG_INFORMATION_FORMAT = "dwarf-with-dsym";
				ENABLE_NS_ASSERTIONS = NO;
				ENABLE_STRICT_OBJC_MSGSEND = YES;
				GCC_C_LANGUAGE_STANDARD = gnu11;
				GCC_NO_COMMON_BLOCKS = YES;
				GCC_WARN_64_TO_32_BIT_CONVERSION = YES;
				GCC_WARN_ABOUT_RETURN_TYPE = YES_ERROR;
				GCC_WARN_UNDECLARED_SELECTOR = YES;
				GCC_WARN_UNINITIALIZED_AUTOS = YES_AGGRESSIVE;
				GCC_WARN_UNUSED_FUNCTION = YES;
				GCC_WARN_UNUSED_VARIABLE = YES;
				IPHONEOS_DEPLOYMENT_TARGET = 16.1;
				MTL_ENABLE_DEBUG_INFO = NO;
				MTL_FAST_MATH = YES;
				SDKROOT = iphoneos;
				SWIFT_COMPILATION_MODE = wholemodule;
				SWIFT_OPTIMIZATION_LEVEL = "-O";
				VALIDATE_PRODUCT = YES;
			};
			name = Release;
		};
		2E38E3992AC57DEC00495790 /* Debug */ = {
			isa = XCBuildConfiguration;
			buildSettings = {
				ASSETCATALOG_COMPILER_APPICON_NAME = AppIcon;
				ASSETCATALOG_COMPILER_GLOBAL_ACCENT_COLOR_NAME = AccentColor;
				CODE_SIGN_STYLE = Automatic;
				CURRENT_PROJECT_VERSION = 1;
				DEVELOPMENT_TEAM = W899AB4MZP;
				GENERATE_INFOPLIST_FILE = YES;
				INFOPLIST_FILE = ImageRecognizer/Info.plist;
				INFOPLIST_KEY_UIApplicationSupportsIndirectInputEvents = YES;
				INFOPLIST_KEY_UILaunchStoryboardName = LaunchScreen;
				INFOPLIST_KEY_UIMainStoryboardFile = Main;
				INFOPLIST_KEY_UISupportedInterfaceOrientations_iPad = "UIInterfaceOrientationPortrait UIInterfaceOrientationPortraitUpsideDown UIInterfaceOrientationLandscapeLeft UIInterfaceOrientationLandscapeRight";
				INFOPLIST_KEY_UISupportedInterfaceOrientations_iPhone = "UIInterfaceOrientationPortrait UIInterfaceOrientationLandscapeLeft UIInterfaceOrientationLandscapeRight";
				IPHONEOS_DEPLOYMENT_TARGET = 15.0;
				LD_RUNPATH_SEARCH_PATHS = (
					"$(inherited)",
					"@executable_path/Frameworks",
				);
				MARKETING_VERSION = 1.0;
				PRODUCT_BUNDLE_IDENTIFIER = com.shubhranshgupta.ImageRecognizer;
				PRODUCT_NAME = "$(TARGET_NAME)";
				SWIFT_EMIT_LOC_STRINGS = YES;
				SWIFT_VERSION = 5.0;
				TARGETED_DEVICE_FAMILY = "1,2";
			};
			name = Debug;
		};
		2E38E39A2AC57DEC00495790 /* Release */ = {
			isa = XCBuildConfiguration;
			buildSettings = {
				ASSETCATALOG_COMPILER_APPICON_NAME = AppIcon;
				ASSETCATALOG_COMPILER_GLOBAL_ACCENT_COLOR_NAME = AccentColor;
				CODE_SIGN_STYLE = Automatic;
				CURRENT_PROJECT_VERSION = 1;
				DEVELOPMENT_TEAM = W899AB4MZP;
				GENERATE_INFOPLIST_FILE = YES;
				INFOPLIST_FILE = ImageRecognizer/Info.plist;
				INFOPLIST_KEY_UIApplicationSupportsIndirectInputEvents = YES;
				INFOPLIST_KEY_UILaunchStoryboardName = LaunchScreen;
				INFOPLIST_KEY_UIMainStoryboardFile = Main;
				INFOPLIST_KEY_UISupportedInterfaceOrientations_iPad = "UIInterfaceOrientationPortrait UIInterfaceOrientationPortraitUpsideDown UIInterfaceOrientationLandscapeLeft UIInterfaceOrientationLandscapeRight";
				INFOPLIST_KEY_UISupportedInterfaceOrientations_iPhone = "UIInterfaceOrientationPortrait UIInterfaceOrientationLandscapeLeft UIInterfaceOrientationLandscapeRight";
				IPHONEOS_DEPLOYMENT_TARGET = 15.0;
				LD_RUNPATH_SEARCH_PATHS = (
					"$(inherited)",
					"@executable_path/Frameworks",
				);
				MARKETING_VERSION = 1.0;
				PRODUCT_BUNDLE_IDENTIFIER = com.shubhranshgupta.ImageRecognizer;
				PRODUCT_NAME = "$(TARGET_NAME)";
				SWIFT_EMIT_LOC_STRINGS = YES;
				SWIFT_VERSION = 5.0;
				TARGETED_DEVICE_FAMILY = "1,2";
			};
			name = Release;
		};
		2E38E39C2AC57DEC00495790 /* Debug */ = {
			isa = XCBuildConfiguration;
			buildSettings = {
				ALWAYS_EMBED_SWIFT_STANDARD_LIBRARIES = YES;
				BUNDLE_LOADER = "$(TEST_HOST)";
				CODE_SIGN_STYLE = Automatic;
				CURRENT_PROJECT_VERSION = 1;
				DEVELOPMENT_TEAM = W899AB4MZP;
				GENERATE_INFOPLIST_FILE = YES;
				IPHONEOS_DEPLOYMENT_TARGET = 16.1;
				MARKETING_VERSION = 1.0;
				PRODUCT_BUNDLE_IDENTIFIER = com.shubhranshgupta.ImageRecognizerTests;
				PRODUCT_NAME = "$(TARGET_NAME)";
				SWIFT_EMIT_LOC_STRINGS = NO;
				SWIFT_VERSION = 5.0;
				TARGETED_DEVICE_FAMILY = "1,2";
				TEST_HOST = "$(BUILT_PRODUCTS_DIR)/ImageRecognizer.app/$(BUNDLE_EXECUTABLE_FOLDER_PATH)/ImageRecognizer";
			};
			name = Debug;
		};
		2E38E39D2AC57DEC00495790 /* Release */ = {
			isa = XCBuildConfiguration;
			buildSettings = {
				ALWAYS_EMBED_SWIFT_STANDARD_LIBRARIES = YES;
				BUNDLE_LOADER = "$(TEST_HOST)";
				CODE_SIGN_STYLE = Automatic;
				CURRENT_PROJECT_VERSION = 1;
				DEVELOPMENT_TEAM = W899AB4MZP;
				GENERATE_INFOPLIST_FILE = YES;
				IPHONEOS_DEPLOYMENT_TARGET = 16.1;
				MARKETING_VERSION = 1.0;
				PRODUCT_BUNDLE_IDENTIFIER = com.shubhranshgupta.ImageRecognizerTests;
				PRODUCT_NAME = "$(TARGET_NAME)";
				SWIFT_EMIT_LOC_STRINGS = NO;
				SWIFT_VERSION = 5.0;
				TARGETED_DEVICE_FAMILY = "1,2";
				TEST_HOST = "$(BUILT_PRODUCTS_DIR)/ImageRecognizer.app/$(BUNDLE_EXECUTABLE_FOLDER_PATH)/ImageRecognizer";
			};
			name = Release;
		};
		2E38E39F2AC57DEC00495790 /* Debug */ = {
			isa = XCBuildConfiguration;
			buildSettings = {
				ALWAYS_EMBED_SWIFT_STANDARD_LIBRARIES = YES;
				CODE_SIGN_STYLE = Automatic;
				CURRENT_PROJECT_VERSION = 1;
				DEVELOPMENT_TEAM = W899AB4MZP;
				GENERATE_INFOPLIST_FILE = YES;
				MARKETING_VERSION = 1.0;
				PRODUCT_BUNDLE_IDENTIFIER = com.shubhranshgupta.ImageRecognizerUITests;
				PRODUCT_NAME = "$(TARGET_NAME)";
				SWIFT_EMIT_LOC_STRINGS = NO;
				SWIFT_VERSION = 5.0;
				TARGETED_DEVICE_FAMILY = "1,2";
				TEST_TARGET_NAME = ImageRecognizer;
			};
			name = Debug;
		};
		2E38E3A02AC57DEC00495790 /* Release */ = {
			isa = XCBuildConfiguration;
			buildSettings = {
				ALWAYS_EMBED_SWIFT_STANDARD_LIBRARIES = YES;
				CODE_SIGN_STYLE = Automatic;
				CURRENT_PROJECT_VERSION = 1;
				DEVELOPMENT_TEAM = W899AB4MZP;
				GENERATE_INFOPLIST_FILE = YES;
				MARKETING_VERSION = 1.0;
				PRODUCT_BUNDLE_IDENTIFIER = com.shubhranshgupta.ImageRecognizerUITests;
				PRODUCT_NAME = "$(TARGET_NAME)";
				SWIFT_EMIT_LOC_STRINGS = NO;
				SWIFT_VERSION = 5.0;
				TARGETED_DEVICE_FAMILY = "1,2";
				TEST_TARGET_NAME = ImageRecognizer;
			};
			name = Release;
		};
/* End XCBuildConfiguration section */

/* Begin XCConfigurationList section */
		2E38E3662AC57DEB00495790 /* Build configuration list for PBXProject "ImageRecognizer" */ = {
			isa = XCConfigurationList;
			buildConfigurations = (
				2E38E3962AC57DEC00495790 /* Debug */,
				2E38E3972AC57DEC00495790 /* Release */,
			);
			defaultConfigurationIsVisible = 0;
			defaultConfigurationName = Release;
		};
		2E38E3982AC57DEC00495790 /* Build configuration list for PBXNativeTarget "ImageRecognizer" */ = {
			isa = XCConfigurationList;
			buildConfigurations = (
				2E38E3992AC57DEC00495790 /* Debug */,
				2E38E39A2AC57DEC00495790 /* Release */,
			);
			defaultConfigurationIsVisible = 0;
			defaultConfigurationName = Release;
		};
		2E38E39B2AC57DEC00495790 /* Build configuration list for PBXNativeTarget "ImageRecognizerTests" */ = {
			isa = XCConfigurationList;
			buildConfigurations = (
				2E38E39C2AC57DEC00495790 /* Debug */,
				2E38E39D2AC57DEC00495790 /* Release */,
			);
			defaultConfigurationIsVisible = 0;
			defaultConfigurationName = Release;
		};
		2E38E39E2AC57DEC00495790 /* Build configuration list for PBXNativeTarget "ImageRecognizerUITests" */ = {
			isa = XCConfigurationList;
			buildConfigurations = (
				2E38E39F2AC57DEC00495790 /* Debug */,
				2E38E3A02AC57DEC00495790 /* Release */,
			);
			defaultConfigurationIsVisible = 0;
			defaultConfigurationName = Release;
		};
/* End XCConfigurationList section */

/* Begin XCVersionGroup section */
		2E38E3772AC57DEB00495790 /* ImageRecognizer.xcdatamodeld */ = {
			isa = XCVersionGroup;
			children = (
				2E38E3782AC57DEB00495790 /* ImageRecognizer.xcdatamodel */,
			);
			currentVersion = 2E38E3782AC57DEB00495790 /* ImageRecognizer.xcdatamodel */;
			path = ImageRecognizer.xcdatamodeld;
			sourceTree = "<group>";
			versionGroupType = wrapper.xcdatamodel;
		};
/* End XCVersionGroup section */
	};
	rootObject = 2E38E3632AC57DEB00495790 /* Project object */;
}
